// !$*UTF8*$!
{
	archiveVersion = 1;
	classes = {
	};
	objectVersion = 46;
	objects = {

/* Begin PBXBuildFile section */
		C78A254C193EBDB5001E938B /* Foundation.framework in Frameworks */ = {isa = PBXBuildFile; fileRef = C78A254B193EBDB5001E938B /* Foundation.framework */; };
		C78A254E193EBDB5001E938B /* CoreGraphics.framework in Frameworks */ = {isa = PBXBuildFile; fileRef = C78A254D193EBDB5001E938B /* CoreGraphics.framework */; };
		C78A2550193EBDB5001E938B /* UIKit.framework in Frameworks */ = {isa = PBXBuildFile; fileRef = C78A254F193EBDB5001E938B /* UIKit.framework */; };
		C78A2556193EBDB5001E938B /* InfoPlist.strings in Resources */ = {isa = PBXBuildFile; fileRef = C78A2554193EBDB5001E938B /* InfoPlist.strings */; };
		C78A2558193EBDB5001E938B /* main.m in Sources */ = {isa = PBXBuildFile; fileRef = C78A2557193EBDB5001E938B /* main.m */; };
		C78A255C193EBDB5001E938B /* AppDelegate.m in Sources */ = {isa = PBXBuildFile; fileRef = C78A255B193EBDB5001E938B /* AppDelegate.m */; };
		C78A255E193EBDB5001E938B /* Images.xcassets in Resources */ = {isa = PBXBuildFile; fileRef = C78A255D193EBDB5001E938B /* Images.xcassets */; };
		C78A2565193EBDB5001E938B /* XCTest.framework in Frameworks */ = {isa = PBXBuildFile; fileRef = C78A2564193EBDB5001E938B /* XCTest.framework */; };
		C78A2566193EBDB5001E938B /* Foundation.framework in Frameworks */ = {isa = PBXBuildFile; fileRef = C78A254B193EBDB5001E938B /* Foundation.framework */; };
		C78A2567193EBDB5001E938B /* UIKit.framework in Frameworks */ = {isa = PBXBuildFile; fileRef = C78A254F193EBDB5001E938B /* UIKit.framework */; };
		C78A256F193EBDB5001E938B /* InfoPlist.strings in Resources */ = {isa = PBXBuildFile; fileRef = C78A256D193EBDB5001E938B /* InfoPlist.strings */; };
		C78A2571193EBDB5001E938B /* tipdemoTests.m in Sources */ = {isa = PBXBuildFile; fileRef = C78A2570193EBDB5001E938B /* tipdemoTests.m */; };
/* End PBXBuildFile section */

/* Begin PBXContainerItemProxy section */
		C78A2568193EBDB5001E938B /* PBXContainerItemProxy */ = {
			isa = PBXContainerItemProxy;
			containerPortal = C78A2540193EBDB5001E938B /* Project object */;
			proxyType = 1;
			remoteGlobalIDString = C78A2547193EBDB5001E938B;
			remoteInfo = tipdemo;
		};
/* End PBXContainerItemProxy section */

/* Begin PBXFileReference section */
		C78A2548193EBDB5001E938B /* tipdemo.app */ = {isa = PBXFileReference; explicitFileType = wrapper.application; includeInIndex = 0; path = tipdemo.app; sourceTree = BUILT_PRODUCTS_DIR; };
		C78A254B193EBDB5001E938B /* Foundation.framework */ = {isa = PBXFileReference; lastKnownFileType = wrapper.framework; name = Foundation.framework; path = System/Library/Frameworks/Foundation.framework; sourceTree = SDKROOT; };
		C78A254D193EBDB5001E938B /* CoreGraphics.framework */ = {isa = PBXFileReference; lastKnownFileType = wrapper.framework; name = CoreGraphics.framework; path = System/Library/Frameworks/CoreGraphics.framework; sourceTree = SDKROOT; };
		C78A254F193EBDB5001E938B /* UIKit.framework */ = {isa = PBXFileReference; lastKnownFileType = wrapper.framework; name = UIKit.framework; path = System/Library/Frameworks/UIKit.framework; sourceTree = SDKROOT; };
		C78A2553193EBDB5001E938B /* tipdemo-Info.plist */ = {isa = PBXFileReference; lastKnownFileType = text.plist.xml; path = "tipdemo-Info.plist"; sourceTree = "<group>"; };
		C78A2555193EBDB5001E938B /* en */ = {isa = PBXFileReference; lastKnownFileType = text.plist.strings; name = en; path = en.lproj/InfoPlist.strings; sourceTree = "<group>"; };
		C78A2557193EBDB5001E938B /* main.m */ = {isa = PBXFileReference; lastKnownFileType = sourcecode.c.objc; path = main.m; sourceTree = "<group>"; };
		C78A2559193EBDB5001E938B /* tipdemo-Prefix.pch */ = {isa = PBXFileReference; lastKnownFileType = sourcecode.c.h; path = "tipdemo-Prefix.pch"; sourceTree = "<group>"; };
		C78A255A193EBDB5001E938B /* AppDelegate.h */ = {isa = PBXFileReference; lastKnownFileType = sourcecode.c.h; path = AppDelegate.h; sourceTree = "<group>"; };
		C78A255B193EBDB5001E938B /* AppDelegate.m */ = {isa = PBXFileReference; lastKnownFileType = sourcecode.c.objc; path = AppDelegate.m; sourceTree = "<group>"; };
		C78A255D193EBDB5001E938B /* Images.xcassets */ = {isa = PBXFileReference; lastKnownFileType = folder.assetcatalog; path = Images.xcassets; sourceTree = "<group>"; };
		C78A2563193EBDB5001E938B /* tipdemoTests.xctest */ = {isa = PBXFileReference; explicitFileType = wrapper.cfbundle; includeInIndex = 0; path = tipdemoTests.xctest; sourceTree = BUILT_PRODUCTS_DIR; };
		C78A2564193EBDB5001E938B /* XCTest.framework */ = {isa = PBXFileReference; lastKnownFileType = wrapper.framework; name = XCTest.framework; path = Library/Frameworks/XCTest.framework; sourceTree = DEVELOPER_DIR; };
		C78A256C193EBDB5001E938B /* tipdemoTests-Info.plist */ = {isa = PBXFileReference; lastKnownFileType = text.plist.xml; path = "tipdemoTests-Info.plist"; sourceTree = "<group>"; };
		C78A256E193EBDB5001E938B /* en */ = {isa = PBXFileReference; lastKnownFileType = text.plist.strings; name = en; path = en.lproj/InfoPlist.strings; sourceTree = "<group>"; };
		C78A2570193EBDB5001E938B /* tipdemoTests.m */ = {isa = PBXFileReference; lastKnownFileType = sourcecode.c.objc; path = tipdemoTests.m; sourceTree = "<group>"; };
/* End PBXFileReference section */

/* Begin PBXFrameworksBuildPhase section */
		C78A2545193EBDB5001E938B /* Frameworks */ = {
			isa = PBXFrameworksBuildPhase;
			buildActionMask = 2147483647;
			files = (
				C78A254E193EBDB5001E938B /* CoreGraphics.framework in Frameworks */,
				C78A2550193EBDB5001E938B /* UIKit.framework in Frameworks */,
				C78A254C193EBDB5001E938B /* Foundation.framework in Frameworks */,
			);
			runOnlyForDeploymentPostprocessing = 0;
		};
		C78A2560193EBDB5001E938B /* Frameworks */ = {
			isa = PBXFrameworksBuildPhase;
			buildActionMask = 2147483647;
			files = (
				C78A2565193EBDB5001E938B /* XCTest.framework in Frameworks */,
				C78A2567193EBDB5001E938B /* UIKit.framework in Frameworks */,
				C78A2566193EBDB5001E938B /* Foundation.framework in Frameworks */,
			);
			runOnlyForDeploymentPostprocessing = 0;
		};
/* End PBXFrameworksBuildPhase section */

/* Begin PBXGroup section */
		C78A253F193EBDB5001E938B = {
			isa = PBXGroup;
			children = (
				C78A2551193EBDB5001E938B /* tipdemo */,
				C78A256A193EBDB5001E938B /* tipdemoTests */,
				C78A254A193EBDB5001E938B /* Frameworks */,
				C78A2549193EBDB5001E938B /* Products */,
			);
			sourceTree = "<group>";
		};
		C78A2549193EBDB5001E938B /* Products */ = {
			isa = PBXGroup;
			children = (
				C78A2548193EBDB5001E938B /* tipdemo.app */,
				C78A2563193EBDB5001E938B /* tipdemoTests.xctest */,
			);
			name = Products;
			sourceTree = "<group>";
		};
		C78A254A193EBDB5001E938B /* Frameworks */ = {
			isa = PBXGroup;
			children = (
				C78A254B193EBDB5001E938B /* Foundation.framework */,
				C78A254D193EBDB5001E938B /* CoreGraphics.framework */,
				C78A254F193EBDB5001E938B /* UIKit.framework */,
				C78A2564193EBDB5001E938B /* XCTest.framework */,
			);
			name = Frameworks;
			sourceTree = "<group>";
		};
		C78A2551193EBDB5001E938B /* tipdemo */ = {
			isa = PBXGroup;
			children = (
				C78A255A193EBDB5001E938B /* AppDelegate.h */,
				C78A255B193EBDB5001E938B /* AppDelegate.m */,
				C78A255D193EBDB5001E938B /* Images.xcassets */,
				C78A2552193EBDB5001E938B /* Supporting Files */,
			);
			path = tipdemo;
			sourceTree = "<group>";
		};
		C78A2552193EBDB5001E938B /* Supporting Files */ = {
			isa = PBXGroup;
			children = (
				C78A2553193EBDB5001E938B /* tipdemo-Info.plist */,
				C78A2554193EBDB5001E938B /* InfoPlist.strings */,
				C78A2557193EBDB5001E938B /* main.m */,
				C78A2559193EBDB5001E938B /* tipdemo-Prefix.pch */,
			);
			name = "Supporting Files";
			sourceTree = "<group>";
		};
		C78A256A193EBDB5001E938B /* tipdemoTests */ = {
			isa = PBXGroup;
			children = (
				C78A2570193EBDB5001E938B /* tipdemoTests.m */,
				C78A256B193EBDB5001E938B /* Supporting Files */,
			);
			path = tipdemoTests;
			sourceTree = "<group>";
		};
		C78A256B193EBDB5001E938B /* Supporting Files */ = {
			isa = PBXGroup;
			children = (
				C78A256C193EBDB5001E938B /* tipdemoTests-Info.plist */,
				C78A256D193EBDB5001E938B /* InfoPlist.strings */,
			);
			name = "Supporting Files";
			sourceTree = "<group>";
		};
/* End PBXGroup section */

/* Begin PBXNativeTarget section */
		C78A2547193EBDB5001E938B /* tipdemo */ = {
			isa = PBXNativeTarget;
			buildConfigurationList = C78A2574193EBDB5001E938B /* Build configuration list for PBXNativeTarget "tipdemo" */;
			buildPhases = (
				C78A2544193EBDB5001E938B /* Sources */,
				C78A2545193EBDB5001E938B /* Frameworks */,
				C78A2546193EBDB5001E938B /* Resources */,
			);
			buildRules = (
			);
			dependencies = (
			);
			name = tipdemo;
			productName = tipdemo;
			productReference = C78A2548193EBDB5001E938B /* tipdemo.app */;
			productType = "com.apple.product-type.application";
		};
		C78A2562193EBDB5001E938B /* tipdemoTests */ = {
			isa = PBXNativeTarget;
			buildConfigurationList = C78A2577193EBDB5001E938B /* Build configuration list for PBXNativeTarget "tipdemoTests" */;
			buildPhases = (
				C78A255F193EBDB5001E938B /* Sources */,
				C78A2560193EBDB5001E938B /* Frameworks */,
				C78A2561193EBDB5001E938B /* Resources */,
			);
			buildRules = (
			);
			dependencies = (
				C78A2569193EBDB5001E938B /* PBXTargetDependency */,
			);
			name = tipdemoTests;
			productName = tipdemoTests;
			productReference = C78A2563193EBDB5001E938B /* tipdemoTests.xctest */;
			productType = "com.apple.product-type.bundle.unit-test";
		};
/* End PBXNativeTarget section */

/* Begin PBXProject section */
		C78A2540193EBDB5001E938B /* Project object */ = {
			isa = PBXProject;
			attributes = {
				LastUpgradeCheck = 0510;
				ORGANIZATIONNAME = "___FULLUSERNAME___";
				TargetAttributes = {
					C78A2562193EBDB5001E938B = {
						TestTargetID = C78A2547193EBDB5001E938B;
					};
				};
			};
			buildConfigurationList = C78A2543193EBDB5001E938B /* Build configuration list for PBXProject "tipdemo" */;
			compatibilityVersion = "Xcode 3.2";
			developmentRegion = English;
			hasScannedForEncodings = 0;
			knownRegions = (
				en,
			);
			mainGroup = C78A253F193EBDB5001E938B;
			productRefGroup = C78A2549193EBDB5001E938B /* Products */;
			projectDirPath = "";
			projectRoot = "";
			targets = (
				C78A2547193EBDB5001E938B /* tipdemo */,
				C78A2562193EBDB5001E938B /* tipdemoTests */,
			);
		};
/* End PBXProject section */

/* Begin PBXResourcesBuildPhase section */
		C78A2546193EBDB5001E938B /* Resources */ = {
			isa = PBXResourcesBuildPhase;
			buildActionMask = 2147483647;
			files = (
				C78A2556193EBDB5001E938B /* InfoPlist.strings in Resources */,
				C78A255E193EBDB5001E938B /* Images.xcassets in Resources */,
			);
			runOnlyForDeploymentPostprocessing = 0;
		};
		C78A2561193EBDB5001E938B /* Resources */ = {
			isa = PBXResourcesBuildPhase;
			buildActionMask = 2147483647;
			files = (
				C78A256F193EBDB5001E938B /* InfoPlist.strings in Resources */,
			);
			runOnlyForDeploymentPostprocessing = 0;
		};
/* End PBXResourcesBuildPhase section */

/* Begin PBXSourcesBuildPhase section */
		C78A2544193EBDB5001E938B /* Sources */ = {
			isa = PBXSourcesBuildPhase;
			buildActionMask = 2147483647;
			files = (
				C78A255C193EBDB5001E938B /* AppDelegate.m in Sources */,
				C78A2558193EBDB5001E938B /* main.m in Sources */,
			);
			runOnlyForDeploymentPostprocessing = 0;
		};
		C78A255F193EBDB5001E938B /* Sources */ = {
			isa = PBXSourcesBuildPhase;
			buildActionMask = 2147483647;
			files = (
				C78A2571193EBDB5001E938B /* tipdemoTests.m in Sources */,
			);
			runOnlyForDeploymentPostprocessing = 0;
		};
/* End PBXSourcesBuildPhase section */

/* Begin PBXTargetDependency section */
		C78A2569193EBDB5001E938B /* PBXTargetDependency */ = {
			isa = PBXTargetDependency;
			target = C78A2547193EBDB5001E938B /* tipdemo */;
			targetProxy = C78A2568193EBDB5001E938B /* PBXContainerItemProxy */;
		};
/* End PBXTargetDependency section */

/* Begin PBXVariantGroup section */
		C78A2554193EBDB5001E938B /* InfoPlist.strings */ = {
			isa = PBXVariantGroup;
			children = (
				C78A2555193EBDB5001E938B /* en */,
			);
			name = InfoPlist.strings;
			sourceTree = "<group>";
		};
		C78A256D193EBDB5001E938B /* InfoPlist.strings */ = {
			isa = PBXVariantGroup;
			children = (
				C78A256E193EBDB5001E938B /* en */,
			);
			name = InfoPlist.strings;
			sourceTree = "<group>";
		};
/* End PBXVariantGroup section */

/* Begin XCBuildConfiguration section */
		C78A2572193EBDB5001E938B /* Debug */ = {
			isa = XCBuildConfiguration;
			buildSettings = {
				ALWAYS_SEARCH_USER_PATHS = NO;
				CLANG_CXX_LANGUAGE_STANDARD = "gnu++0x";
				CLANG_CXX_LIBRARY = "libc++";
				CLANG_ENABLE_MODULES = YES;
				CLANG_ENABLE_OBJC_ARC = YES;
				CLANG_WARN_BOOL_CONVERSION = YES;
				CLANG_WARN_CONSTANT_CONVERSION = YES;
				CLANG_WARN_DIRECT_OBJC_ISA_USAGE = YES_ERROR;
				CLANG_WARN_EMPTY_BODY = YES;
				CLANG_WARN_ENUM_CONVERSION = YES;
				CLANG_WARN_INT_CONVERSION = YES;
				CLANG_WARN_OBJC_ROOT_CLASS = YES_ERROR;
				CLANG_WARN__DUPLICATE_METHOD_MATCH = YES;
				"CODE_SIGN_IDENTITY[sdk=iphoneos*]" = "iPhone Developer";
				COPY_PHASE_STRIP = NO;
				GCC_C_LANGUAGE_STANDARD = gnu99;
				GCC_DYNAMIC_NO_PIC = NO;
				GCC_OPTIMIZATION_LEVEL = 0;
				GCC_PREPROCESSOR_DEFINITIONS = (
					"DEBUG=1",
					"$(inherited)",
				);
				GCC_SYMBOLS_PRIVATE_EXTERN = NO;
				GCC_WARN_64_TO_32_BIT_CONVERSION = YES;
				GCC_WARN_ABOUT_RETURN_TYPE = YES_ERROR;
				GCC_WARN_UNDECLARED_SELECTOR = YES;
				GCC_WARN_UNINITIALIZED_AUTOS = YES_AGGRESSIVE;
				GCC_WARN_UNUSED_FUNCTION = YES;
				GCC_WARN_UNUSED_VARIABLE = YES;
				IPHONEOS_DEPLOYMENT_TARGET = 7.1;
				ONLY_ACTIVE_ARCH = YES;
				SDKROOT = iphoneos;
				TARGETED_DEVICE_FAMILY = "1,2";
			};
			name = Debug;
		};
		C78A2573193EBDB5001E938B /* Release */ = {
			isa = XCBuildConfiguration;
			buildSettings = {
				ALWAYS_SEARCH_USER_PATHS = NO;
				CLANG_CXX_LANGUAGE_STANDARD = "gnu++0x";
				CLANG_CXX_LIBRARY = "libc++";
				CLANG_ENABLE_MODULES = YES;
				CLANG_ENABLE_OBJC_ARC = YES;
				CLANG_WARN_BOOL_CONVERSION = YES;
				CLANG_WARN_CONSTANT_CONVERSION = YES;
				CLANG_WARN_DIRECT_OBJC_ISA_USAGE = YES_ERROR;
				CLANG_WARN_EMPTY_BODY = YES;
				CLANG_WARN_ENUM_CONVERSION = YES;
				CLANG_WARN_INT_CONVERSION = YES;
				CLANG_WARN_OBJC_ROOT_CLASS = YES_ERROR;
				CLANG_WARN__DUPLICATE_METHOD_MATCH = YES;
				"CODE_SIGN_IDENTITY[sdk=iphoneos*]" = "iPhone Developer";
				COPY_PHASE_STRIP = YES;
				ENABLE_NS_ASSERTIONS = NO;
				GCC_C_LANGUAGE_STANDARD = gnu99;
				GCC_WARN_64_TO_32_BIT_CONVERSION = YES;
				GCC_WARN_ABOUT_RETURN_TYPE = YES_ERROR;
				GCC_WARN_UNDECLARED_SELECTOR = YES;
				GCC_WARN_UNINITIALIZED_AUTOS = YES_AGGRESSIVE;
				GCC_WARN_UNUSED_FUNCTION = YES;
				GCC_WARN_UNUSED_VARIABLE = YES;
				IPHONEOS_DEPLOYMENT_TARGET = 7.1;
				SDKROOT = iphoneos;
				TARGETED_DEVICE_FAMILY = "1,2";
				VALIDATE_PRODUCT = YES;
			};
			name = Release;
		};
		C78A2575193EBDB5001E938B /* Debug */ = {
			isa = XCBuildConfiguration;
			buildSettings = {
				ASSETCATALOG_COMPILER_APPICON_NAME = AppIcon;
				ASSETCATALOG_COMPILER_LAUNCHIMAGE_NAME = LaunchImage;
				GCC_PRECOMPILE_PREFIX_HEADER = YES;
				GCC_PREFIX_HEADER = "tipdemo/tipdemo-Prefix.pch";
				INFOPLIST_FILE = "tipdemo/tipdemo-Info.plist";
				PRODUCT_NAME = "$(TARGET_NAME)";
				WRAPPER_EXTENSION = app;
			};
			name = Debug;
		};
		C78A2576193EBDB5001E938B /* Release */ = {
			isa = XCBuildConfiguration;
			buildSettings = {
				ASSETCATALOG_COMPILER_APPICON_NAME = AppIcon;
				ASSETCATALOG_COMPILER_LAUNCHIMAGE_NAME = LaunchImage;
				GCC_PRECOMPILE_PREFIX_HEADER = YES;
				GCC_PREFIX_HEADER = "tipdemo/tipdemo-Prefix.pch";
				INFOPLIST_FILE = "tipdemo/tipdemo-Info.plist";
				PRODUCT_NAME = "$(TARGET_NAME)";
				WRAPPER_EXTENSION = app;
			};
			name = Release;
		};
		C78A2578193EBDB5001E938B /* Debug */ = {
			isa = XCBuildConfiguration;
			buildSettings = {
				BUNDLE_LOADER = "$(BUILT_PRODUCTS_DIR)/tipdemo.app/tipdemo";
				FRAMEWORK_SEARCH_PATHS = (
					"$(SDKROOT)/Developer/Library/Frameworks",
					"$(inherited)",
					"$(DEVELOPER_FRAMEWORKS_DIR)",
				);
				GCC_PRECOMPILE_PREFIX_HEADER = YES;
				GCC_PREFIX_HEADER = "tipdemo/tipdemo-Prefix.pch";
				GCC_PREPROCESSOR_DEFINITIONS = (
					"DEBUG=1",
					"$(inherited)",
				);
				INFOPLIST_FILE = "tipdemoTests/tipdemoTests-Info.plist";
				PRODUCT_NAME = "$(TARGET_NAME)";
				TEST_HOST = "$(BUNDLE_LOADER)";
				WRAPPER_EXTENSION = xctest;
			};
			name = Debug;
		};
		C78A2579193EBDB5001E938B /* Release */ = {
			isa = XCBuildConfiguration;
			buildSettings = {
				BUNDLE_LOADER = "$(BUILT_PRODUCTS_DIR)/tipdemo.app/tipdemo";
				FRAMEWORK_SEARCH_PATHS = (
					"$(SDKROOT)/Developer/Library/Frameworks",
					"$(inherited)",
					"$(DEVELOPER_FRAMEWORKS_DIR)",
				);
				GCC_PRECOMPILE_PREFIX_HEADER = YES;
				GCC_PREFIX_HEADER = "tipdemo/tipdemo-Prefix.pch";
				INFOPLIST_FILE = "tipdemoTests/tipdemoTests-Info.plist";
				PRODUCT_NAME = "$(TARGET_NAME)";
				TEST_HOST = "$(BUNDLE_LOADER)";
				WRAPPER_EXTENSION = xctest;
			};
			name = Release;
		};
/* End XCBuildConfiguration section */

/* Begin XCConfigurationList section */
		C78A2543193EBDB5001E938B /* Build configuration list for PBXProject "tipdemo" */ = {
			isa = XCConfigurationList;
			buildConfigurations = (
				C78A2572193EBDB5001E938B /* Debug */,
				C78A2573193EBDB5001E938B /* Release */,
			);
			defaultConfigurationIsVisible = 0;
			defaultConfigurationName = Release;
		};
		C78A2574193EBDB5001E938B /* Build configuration list for PBXNativeTarget "tipdemo" */ = {
			isa = XCConfigurationList;
			buildConfigurations = (
				C78A2575193EBDB5001E938B /* Debug */,
				C78A2576193EBDB5001E938B /* Release */,
			);
			defaultConfigurationIsVisible = 0;
		};
		C78A2577193EBDB5001E938B /* Build configuration list for PBXNativeTarget "tipdemoTests" */ = {
			isa = XCConfigurationList;
			buildConfigurations = (
				C78A2578193EBDB5001E938B /* Debug */,
				C78A2579193EBDB5001E938B /* Release */,
			);
			defaultConfigurationIsVisible = 0;
		};
/* End XCConfigurationList section */
	};
	rootObject = C78A2540193EBDB5001E938B /* Project object */;
}
